
Microsoft Visual Studio Solution File, Format Version 12.00
# Visual Studio Version 16
VisualStudioVersion = 16.0.30011.22
MinimumVisualStudioVersion = 10.0.40219.1
Project("{FAE04EC0-301F-11D3-BF4B-00C04F79EFBC}") = "Evolúciós algoritmus", "Evolúciós algoritmus\Evolúciós algoritmus.csproj", "{BCFDA50A-7C65-4FD1-B7F4-9F766B358921}"
EndProject
Global
	GlobalSection(SolutionConfigurationPlatforms) = preSolution
		Debug|Any CPU = Debug|Any CPU
		Release|Any CPU = Release|Any CPU
	EndGlobalSection
	GlobalSection(ProjectConfigurationPlatforms) = postSolution
		{BCFDA50A-7C65-4FD1-B7F4-9F766B358921}.Debug|Any CPU.ActiveCfg = Debug|Any CPU
		{BCFDA50A-7C65-4FD1-B7F4-9F766B358921}.Debug|Any CPU.Build.0 = Debug|Any CPU
		{BCFDA50A-7C65-4FD1-B7F4-9F766B358921}.Release|Any CPU.ActiveCfg = Release|Any CPU
		{BCFDA50A-7C65-4FD1-B7F4-9F766B358921}.Release|Any CPU.Build.0 = Release|Any CPU
	EndGlobalSection
	GlobalSection(SolutionProperties) = preSolution
		HideSolutionNode = FALSE
	EndGlobalSection
	GlobalSection(ExtensibilityGlobals) = postSolution
		SolutionGuid = {60C8A8CB-C726-4C2B-9028-D44148EB1051}
	EndGlobalSection
EndGlobal
